// !$*UTF8*$!
{
	archiveVersion = 1;
	classes = {
	};
	objectVersion = 46;
	objects = {

/* Begin PBXBuildFile section */
		EF08E64B170D1C4800BDA831 /* UIKit.framework in Frameworks */ = {isa = PBXBuildFile; fileRef = EF08E64A170D1C4800BDA831 /* UIKit.framework */; };
		EF08E64D170D1C4800BDA831 /* Foundation.framework in Frameworks */ = {isa = PBXBuildFile; fileRef = EF08E64C170D1C4800BDA831 /* Foundation.framework */; };
		EF08E64F170D1C4800BDA831 /* CoreGraphics.framework in Frameworks */ = {isa = PBXBuildFile; fileRef = EF08E64E170D1C4800BDA831 /* CoreGraphics.framework */; };
		EF08E655170D1C4800BDA831 /* InfoPlist.strings in Resources */ = {isa = PBXBuildFile; fileRef = EF08E653170D1C4800BDA831 /* InfoPlist.strings */; };
		EF08E657170D1C4800BDA831 /* main.m in Sources */ = {isa = PBXBuildFile; fileRef = EF08E656170D1C4800BDA831 /* main.m */; };
		EF08E65B170D1C4800BDA831 /* sproutsAppDelegate.m in Sources */ = {isa = PBXBuildFile; fileRef = EF08E65A170D1C4800BDA831 /* sproutsAppDelegate.m */; };
		EF08E65D170D1C4800BDA831 /* Default.png in Resources */ = {isa = PBXBuildFile; fileRef = EF08E65C170D1C4800BDA831 /* Default.png */; };
		EF08E65F170D1C4800BDA831 /* Default@2x.png in Resources */ = {isa = PBXBuildFile; fileRef = EF08E65E170D1C4800BDA831 /* Default@2x.png */; };
		EF08E661170D1C4800BDA831 /* Default-568h@2x.png in Resources */ = {isa = PBXBuildFile; fileRef = EF08E660170D1C4800BDA831 /* Default-568h@2x.png */; };
		EF08E664170D1C4800BDA831 /* MainStoryboard.storyboard in Resources */ = {isa = PBXBuildFile; fileRef = EF08E662170D1C4800BDA831 /* MainStoryboard.storyboard */; };
		EF08E667170D1C4800BDA831 /* sproutsFirstViewController.m in Sources */ = {isa = PBXBuildFile; fileRef = EF08E666170D1C4800BDA831 /* sproutsFirstViewController.m */; };
		EF08E669170D1C4800BDA831 /* first.png in Resources */ = {isa = PBXBuildFile; fileRef = EF08E668170D1C4800BDA831 /* first.png */; };
		EF08E66B170D1C4800BDA831 /* first@2x.png in Resources */ = {isa = PBXBuildFile; fileRef = EF08E66A170D1C4800BDA831 /* first@2x.png */; };
		EF08E66E170D1C4800BDA831 /* sproutsSecondViewController.m in Sources */ = {isa = PBXBuildFile; fileRef = EF08E66D170D1C4800BDA831 /* sproutsSecondViewController.m */; };
		EF08E670170D1C4800BDA831 /* second.png in Resources */ = {isa = PBXBuildFile; fileRef = EF08E66F170D1C4800BDA831 /* second.png */; };
		EF08E672170D1C4800BDA831 /* second@2x.png in Resources */ = {isa = PBXBuildFile; fileRef = EF08E671170D1C4800BDA831 /* second@2x.png */; };
		EF08E67B170D201B00BDA831 /* sproutsViewController.m in Sources */ = {isa = PBXBuildFile; fileRef = EF08E67A170D201B00BDA831 /* sproutsViewController.m */; };
		EF08E67E170D2AB800BDA831 /* sproutsActionViewController.m in Sources */ = {isa = PBXBuildFile; fileRef = EF08E67D170D2AB800BDA831 /* sproutsActionViewController.m */; };
		EF186F87171B8E10005E1949 /* schedule_day.png in Resources */ = {isa = PBXBuildFile; fileRef = EF186F85171B8E10005E1949 /* schedule_day.png */; };
		EF186F88171B8E10005E1949 /* schedule_day@2x.png in Resources */ = {isa = PBXBuildFile; fileRef = EF186F86171B8E10005E1949 /* schedule_day@2x.png */; };
		EF186F8B171B9296005E1949 /* settingsViewController.m in Sources */ = {isa = PBXBuildFile; fileRef = EF186F8A171B9296005E1949 /* settingsViewController.m */; };
		EF186F98171B991C005E1949 /* sprout_description.png in Resources */ = {isa = PBXBuildFile; fileRef = EF186F94171B991C005E1949 /* sprout_description.png */; };
		EF186F99171B991C005E1949 /* sprout_description@2x.png in Resources */ = {isa = PBXBuildFile; fileRef = EF186F95171B991C005E1949 /* sprout_description@2x.png */; };
		EF186F9A171B991C005E1949 /* sprout_title.png in Resources */ = {isa = PBXBuildFile; fileRef = EF186F96171B991C005E1949 /* sprout_title.png */; };
		EF186F9B171B991C005E1949 /* sprout_title@2x.png in Resources */ = {isa = PBXBuildFile; fileRef = EF186F97171B991C005E1949 /* sprout_title@2x.png */; };
		EF186FA0171B997E005E1949 /* ingredients_button.png in Resources */ = {isa = PBXBuildFile; fileRef = EF186F9C171B997E005E1949 /* ingredients_button.png */; };
		EF186FA1171B997E005E1949 /* ingredients_button@2x.png in Resources */ = {isa = PBXBuildFile; fileRef = EF186F9D171B997E005E1949 /* ingredients_button@2x.png */; };
		EF186FA2171B997E005E1949 /* photo_button.png in Resources */ = {isa = PBXBuildFile; fileRef = EF186F9E171B997E005E1949 /* photo_button.png */; };
		EF186FA3171B997E005E1949 /* photo_button@2x.png in Resources */ = {isa = PBXBuildFile; fileRef = EF186F9F171B997E005E1949 /* photo_button@2x.png */; };
		EF186FA6171BA6D0005E1949 /* nav_bar.png in Resources */ = {isa = PBXBuildFile; fileRef = EF186FA4171BA6D0005E1949 /* nav_bar.png */; };
		EF186FA7171BA6D0005E1949 /* nav_bar@2x.png in Resources */ = {isa = PBXBuildFile; fileRef = EF186FA5171BA6D0005E1949 /* nav_bar@2x.png */; };
		EF186FAA171BC83E005E1949 /* button_back.png in Resources */ = {isa = PBXBuildFile; fileRef = EF186FA8171BC83E005E1949 /* button_back.png */; };
		EF186FAB171BC83E005E1949 /* button_back@2x.png in Resources */ = {isa = PBXBuildFile; fileRef = EF186FA9171BC83E005E1949 /* button_back@2x.png */; };
		EF1F98491715EC570046D023 /* loginViewController.m in Sources */ = {isa = PBXBuildFile; fileRef = EF1F98481715EC570046D023 /* loginViewController.m */; };
		EFA640EA17176C890028DE41 /* sproutsFeedViewController.m in Sources */ = {isa = PBXBuildFile; fileRef = EFA640E917176C890028DE41 /* sproutsFeedViewController.m */; };
		EFA640ED1717842B0028DE41 /* banner.png in Resources */ = {isa = PBXBuildFile; fileRef = EFA640EB1717842B0028DE41 /* banner.png */; };
		EFA640EE1717842B0028DE41 /* banner@2x.png in Resources */ = {isa = PBXBuildFile; fileRef = EFA640EC1717842B0028DE41 /* banner@2x.png */; };
		EFA640F1171787F00028DE41 /* schedule_button.png in Resources */ = {isa = PBXBuildFile; fileRef = EFA640EF171787F00028DE41 /* schedule_button.png */; };
		EFA640F2171787F00028DE41 /* schedule_button@2x.png in Resources */ = {isa = PBXBuildFile; fileRef = EFA640F0171787F00028DE41 /* schedule_button@2x.png */; };
		EFA640F917178E190028DE41 /* post_img.png in Resources */ = {isa = PBXBuildFile; fileRef = EFA640F717178E190028DE41 /* post_img.png */; };
		EFA640FA17178E190028DE41 /* post_img@2x.png in Resources */ = {isa = PBXBuildFile; fileRef = EFA640F817178E190028DE41 /* post_img@2x.png */; };
		EFA640FD17178F320028DE41 /* profile.png in Resources */ = {isa = PBXBuildFile; fileRef = EFA640FB17178F320028DE41 /* profile.png */; };
		EFA640FE17178F320028DE41 /* profile@2x.png in Resources */ = {isa = PBXBuildFile; fileRef = EFA640FC17178F320028DE41 /* profile@2x.png */; };
		EFA64135171B8B3C0028DE41 /* ingredientInfoViewController.m in Sources */ = {isa = PBXBuildFile; fileRef = EFA64134171B8B3C0028DE41 /* ingredientInfoViewController.m */; };
		EFE05827171533530033EE3E /* scheduleViewController.m in Sources */ = {isa = PBXBuildFile; fileRef = EFE05826171533530033EE3E /* scheduleViewController.m */; };
		EFE05A76171547EF0033EE3E /* feed.png in Resources */ = {isa = PBXBuildFile; fileRef = EFE05A74171547EF0033EE3E /* feed.png */; };
		EFE05A77171547EF0033EE3E /* feed@2x.png in Resources */ = {isa = PBXBuildFile; fileRef = EFE05A75171547EF0033EE3E /* feed@2x.png */; };
		EFE05A7E17154BAB0033EE3E /* background.png in Resources */ = {isa = PBXBuildFile; fileRef = EFE05A7C17154BAA0033EE3E /* background.png */; };
		EFE05A7F17154BAB0033EE3E /* background@2x.png in Resources */ = {isa = PBXBuildFile; fileRef = EFE05A7D17154BAB0033EE3E /* background@2x.png */; };
		EFE05A82171550910033EE3E /* sprout_button.png in Resources */ = {isa = PBXBuildFile; fileRef = EFE05A80171550900033EE3E /* sprout_button.png */; };
		EFE05A83171550910033EE3E /* sprout_button@2x.png in Resources */ = {isa = PBXBuildFile; fileRef = EFE05A81171550910033EE3E /* sprout_button@2x.png */; };
/* End PBXBuildFile section */

/* Begin PBXFileReference section */
		EF08E647170D1C4800BDA831 /* Sprouts.app */ = {isa = PBXFileReference; explicitFileType = wrapper.application; includeInIndex = 0; path = Sprouts.app; sourceTree = BUILT_PRODUCTS_DIR; };
		EF08E64A170D1C4800BDA831 /* UIKit.framework */ = {isa = PBXFileReference; lastKnownFileType = wrapper.framework; name = UIKit.framework; path = System/Library/Frameworks/UIKit.framework; sourceTree = SDKROOT; };
		EF08E64C170D1C4800BDA831 /* Foundation.framework */ = {isa = PBXFileReference; lastKnownFileType = wrapper.framework; name = Foundation.framework; path = System/Library/Frameworks/Foundation.framework; sourceTree = SDKROOT; };
		EF08E64E170D1C4800BDA831 /* CoreGraphics.framework */ = {isa = PBXFileReference; lastKnownFileType = wrapper.framework; name = CoreGraphics.framework; path = System/Library/Frameworks/CoreGraphics.framework; sourceTree = SDKROOT; };
		EF08E652170D1C4800BDA831 /* Sprouts-Info.plist */ = {isa = PBXFileReference; lastKnownFileType = text.plist.xml; path = "Sprouts-Info.plist"; sourceTree = "<group>"; };
		EF08E654170D1C4800BDA831 /* en */ = {isa = PBXFileReference; lastKnownFileType = text.plist.strings; name = en; path = en.lproj/InfoPlist.strings; sourceTree = "<group>"; };
		EF08E656170D1C4800BDA831 /* main.m */ = {isa = PBXFileReference; lastKnownFileType = sourcecode.c.objc; path = main.m; sourceTree = "<group>"; };
		EF08E658170D1C4800BDA831 /* Sprouts-Prefix.pch */ = {isa = PBXFileReference; lastKnownFileType = sourcecode.c.h; path = "Sprouts-Prefix.pch"; sourceTree = "<group>"; };
		EF08E659170D1C4800BDA831 /* sproutsAppDelegate.h */ = {isa = PBXFileReference; lastKnownFileType = sourcecode.c.h; path = sproutsAppDelegate.h; sourceTree = "<group>"; };
		EF08E65A170D1C4800BDA831 /* sproutsAppDelegate.m */ = {isa = PBXFileReference; lastKnownFileType = sourcecode.c.objc; path = sproutsAppDelegate.m; sourceTree = "<group>"; };
		EF08E65C170D1C4800BDA831 /* Default.png */ = {isa = PBXFileReference; lastKnownFileType = image.png; path = Default.png; sourceTree = "<group>"; };
		EF08E65E170D1C4800BDA831 /* Default@2x.png */ = {isa = PBXFileReference; lastKnownFileType = image.png; path = "Default@2x.png"; sourceTree = "<group>"; };
		EF08E660170D1C4800BDA831 /* Default-568h@2x.png */ = {isa = PBXFileReference; lastKnownFileType = image.png; path = "Default-568h@2x.png"; sourceTree = "<group>"; };
		EF08E663170D1C4800BDA831 /* en */ = {isa = PBXFileReference; lastKnownFileType = file.storyboard; name = en; path = en.lproj/MainStoryboard.storyboard; sourceTree = "<group>"; };
		EF08E665170D1C4800BDA831 /* sproutsFirstViewController.h */ = {isa = PBXFileReference; lastKnownFileType = sourcecode.c.h; path = sproutsFirstViewController.h; sourceTree = "<group>"; };
		EF08E666170D1C4800BDA831 /* sproutsFirstViewController.m */ = {isa = PBXFileReference; lastKnownFileType = sourcecode.c.objc; path = sproutsFirstViewController.m; sourceTree = "<group>"; };
		EF08E668170D1C4800BDA831 /* first.png */ = {isa = PBXFileReference; lastKnownFileType = image.png; path = first.png; sourceTree = "<group>"; };
		EF08E66A170D1C4800BDA831 /* first@2x.png */ = {isa = PBXFileReference; lastKnownFileType = image.png; path = "first@2x.png"; sourceTree = "<group>"; };
		EF08E66C170D1C4800BDA831 /* sproutsSecondViewController.h */ = {isa = PBXFileReference; lastKnownFileType = sourcecode.c.h; path = sproutsSecondViewController.h; sourceTree = "<group>"; };
		EF08E66D170D1C4800BDA831 /* sproutsSecondViewController.m */ = {isa = PBXFileReference; lastKnownFileType = sourcecode.c.objc; path = sproutsSecondViewController.m; sourceTree = "<group>"; };
		EF08E66F170D1C4800BDA831 /* second.png */ = {isa = PBXFileReference; lastKnownFileType = image.png; path = second.png; sourceTree = "<group>"; };
		EF08E671170D1C4800BDA831 /* second@2x.png */ = {isa = PBXFileReference; lastKnownFileType = image.png; path = "second@2x.png"; sourceTree = "<group>"; };
		EF08E679170D201B00BDA831 /* sproutsViewController.h */ = {isa = PBXFileReference; fileEncoding = 4; lastKnownFileType = sourcecode.c.h; path = sproutsViewController.h; sourceTree = "<group>"; };
		EF08E67A170D201B00BDA831 /* sproutsViewController.m */ = {isa = PBXFileReference; fileEncoding = 4; lastKnownFileType = sourcecode.c.objc; path = sproutsViewController.m; sourceTree = "<group>"; };
		EF08E67C170D2AB800BDA831 /* sproutsActionViewController.h */ = {isa = PBXFileReference; fileEncoding = 4; lastKnownFileType = sourcecode.c.h; path = sproutsActionViewController.h; sourceTree = "<group>"; };
		EF08E67D170D2AB800BDA831 /* sproutsActionViewController.m */ = {isa = PBXFileReference; fileEncoding = 4; lastKnownFileType = sourcecode.c.objc; path = sproutsActionViewController.m; sourceTree = "<group>"; };
		EF186F85171B8E10005E1949 /* schedule_day.png */ = {isa = PBXFileReference; lastKnownFileType = image.png; name = schedule_day.png; path = ../../../Desktop/schedule_day.png; sourceTree = "<group>"; };
		EF186F86171B8E10005E1949 /* schedule_day@2x.png */ = {isa = PBXFileReference; lastKnownFileType = image.png; name = "schedule_day@2x.png"; path = "../../../Desktop/schedule_day@2x.png"; sourceTree = "<group>"; };
		EF186F89171B9296005E1949 /* settingsViewController.h */ = {isa = PBXFileReference; fileEncoding = 4; lastKnownFileType = sourcecode.c.h; path = settingsViewController.h; sourceTree = "<group>"; };
		EF186F8A171B9296005E1949 /* settingsViewController.m */ = {isa = PBXFileReference; fileEncoding = 4; lastKnownFileType = sourcecode.c.objc; path = settingsViewController.m; sourceTree = "<group>"; };
		EF186F94171B991C005E1949 /* sprout_description.png */ = {isa = PBXFileReference; lastKnownFileType = image.png; name = sprout_description.png; path = ../../../Desktop/sprout_description.png; sourceTree = "<group>"; };
		EF186F95171B991C005E1949 /* sprout_description@2x.png */ = {isa = PBXFileReference; lastKnownFileType = image.png; name = "sprout_description@2x.png"; path = "../../../Desktop/sprout_description@2x.png"; sourceTree = "<group>"; };
		EF186F96171B991C005E1949 /* sprout_title.png */ = {isa = PBXFileReference; lastKnownFileType = image.png; name = sprout_title.png; path = ../../../Desktop/sprout_title.png; sourceTree = "<group>"; };
		EF186F97171B991C005E1949 /* sprout_title@2x.png */ = {isa = PBXFileReference; lastKnownFileType = image.png; name = "sprout_title@2x.png"; path = "../../../Desktop/sprout_title@2x.png"; sourceTree = "<group>"; };
		EF186F9C171B997E005E1949 /* ingredients_button.png */ = {isa = PBXFileReference; lastKnownFileType = image.png; name = ingredients_button.png; path = ../../../Desktop/ingredients_button.png; sourceTree = "<group>"; };
		EF186F9D171B997E005E1949 /* ingredients_button@2x.png */ = {isa = PBXFileReference; lastKnownFileType = image.png; name = "ingredients_button@2x.png"; path = "../../../Desktop/ingredients_button@2x.png"; sourceTree = "<group>"; };
		EF186F9E171B997E005E1949 /* photo_button.png */ = {isa = PBXFileReference; lastKnownFileType = image.png; name = photo_button.png; path = ../../../Desktop/photo_button.png; sourceTree = "<group>"; };
		EF186F9F171B997E005E1949 /* photo_button@2x.png */ = {isa = PBXFileReference; lastKnownFileType = image.png; name = "photo_button@2x.png"; path = "../../../Desktop/photo_button@2x.png"; sourceTree = "<group>"; };
		EF186FA4171BA6D0005E1949 /* nav_bar.png */ = {isa = PBXFileReference; lastKnownFileType = image.png; name = nav_bar.png; path = ../../../Desktop/nav_bar.png; sourceTree = "<group>"; };
		EF186FA5171BA6D0005E1949 /* nav_bar@2x.png */ = {isa = PBXFileReference; lastKnownFileType = image.png; name = "nav_bar@2x.png"; path = "../../../Desktop/nav_bar@2x.png"; sourceTree = "<group>"; };
		EF186FA8171BC83E005E1949 /* button_back.png */ = {isa = PBXFileReference; lastKnownFileType = image.png; name = button_back.png; path = ../../../Desktop/button_back.png; sourceTree = "<group>"; };
		EF186FA9171BC83E005E1949 /* button_back@2x.png */ = {isa = PBXFileReference; lastKnownFileType = image.png; name = "button_back@2x.png"; path = "../../../Desktop/button_back@2x.png"; sourceTree = "<group>"; };
		EF1F98471715EC570046D023 /* loginViewController.h */ = {isa = PBXFileReference; fileEncoding = 4; lastKnownFileType = sourcecode.c.h; path = loginViewController.h; sourceTree = "<group>"; };
		EF1F98481715EC570046D023 /* loginViewController.m */ = {isa = PBXFileReference; fileEncoding = 4; lastKnownFileType = sourcecode.c.objc; path = loginViewController.m; sourceTree = "<group>"; };
		EFA640E817176C890028DE41 /* sproutsFeedViewController.h */ = {isa = PBXFileReference; fileEncoding = 4; lastKnownFileType = sourcecode.c.h; path = sproutsFeedViewController.h; sourceTree = "<group>"; };
		EFA640E917176C890028DE41 /* sproutsFeedViewController.m */ = {isa = PBXFileReference; fileEncoding = 4; lastKnownFileType = sourcecode.c.objc; path = sproutsFeedViewController.m; sourceTree = "<group>"; };
		EFA640EB1717842B0028DE41 /* banner.png */ = {isa = PBXFileReference; lastKnownFileType = image.png; path = banner.png; sourceTree = "<group>"; };
		EFA640EC1717842B0028DE41 /* banner@2x.png */ = {isa = PBXFileReference; lastKnownFileType = image.png; path = "banner@2x.png"; sourceTree = "<group>"; };
		EFA640EF171787F00028DE41 /* schedule_button.png */ = {isa = PBXFileReference; lastKnownFileType = image.png; path = schedule_button.png; sourceTree = "<group>"; };
		EFA640F0171787F00028DE41 /* schedule_button@2x.png */ = {isa = PBXFileReference; lastKnownFileType = image.png; path = "schedule_button@2x.png"; sourceTree = "<group>"; };
		EFA640F717178E190028DE41 /* post_img.png */ = {isa = PBXFileReference; lastKnownFileType = image.png; path = post_img.png; sourceTree = "<group>"; };
		EFA640F817178E190028DE41 /* post_img@2x.png */ = {isa = PBXFileReference; lastKnownFileType = image.png; path = "post_img@2x.png"; sourceTree = "<group>"; };
		EFA640FB17178F320028DE41 /* profile.png */ = {isa = PBXFileReference; lastKnownFileType = image.png; path = profile.png; sourceTree = "<group>"; };
		EFA640FC17178F320028DE41 /* profile@2x.png */ = {isa = PBXFileReference; lastKnownFileType = image.png; path = "profile@2x.png"; sourceTree = "<group>"; };
		EFA64133171B8B3C0028DE41 /* ingredientInfoViewController.h */ = {isa = PBXFileReference; fileEncoding = 4; lastKnownFileType = sourcecode.c.h; path = ingredientInfoViewController.h; sourceTree = "<group>"; };
		EFA64134171B8B3C0028DE41 /* ingredientInfoViewController.m */ = {isa = PBXFileReference; fileEncoding = 4; lastKnownFileType = sourcecode.c.objc; path = ingredientInfoViewController.m; sourceTree = "<group>"; };
		EFE05825171533530033EE3E /* scheduleViewController.h */ = {isa = PBXFileReference; fileEncoding = 4; lastKnownFileType = sourcecode.c.h; path = scheduleViewController.h; sourceTree = "<group>"; };
		EFE05826171533530033EE3E /* scheduleViewController.m */ = {isa = PBXFileReference; fileEncoding = 4; lastKnownFileType = sourcecode.c.objc; path = scheduleViewController.m; sourceTree = "<group>"; };
		EFE05A74171547EF0033EE3E /* feed.png */ = {isa = PBXFileReference; lastKnownFileType = image.png; path = feed.png; sourceTree = "<group>"; };
		EFE05A75171547EF0033EE3E /* feed@2x.png */ = {isa = PBXFileReference; lastKnownFileType = image.png; path = "feed@2x.png"; sourceTree = "<group>"; };
		EFE05A7C17154BAA0033EE3E /* background.png */ = {isa = PBXFileReference; lastKnownFileType = image.png; path = background.png; sourceTree = "<group>"; };
		EFE05A7D17154BAB0033EE3E /* background@2x.png */ = {isa = PBXFileReference; lastKnownFileType = image.png; path = "background@2x.png"; sourceTree = "<group>"; };
		EFE05A80171550900033EE3E /* sprout_button.png */ = {isa = PBXFileReference; lastKnownFileType = image.png; path = sprout_button.png; sourceTree = "<group>"; };
		EFE05A81171550910033EE3E /* sprout_button@2x.png */ = {isa = PBXFileReference; lastKnownFileType = image.png; path = "sprout_button@2x.png"; sourceTree = "<group>"; };
/* End PBXFileReference section */

/* Begin PBXFrameworksBuildPhase section */
		EF08E644170D1C4800BDA831 /* Frameworks */ = {
			isa = PBXFrameworksBuildPhase;
			buildActionMask = 2147483647;
			files = (
				EF08E64B170D1C4800BDA831 /* UIKit.framework in Frameworks */,
				EF08E64D170D1C4800BDA831 /* Foundation.framework in Frameworks */,
				EF08E64F170D1C4800BDA831 /* CoreGraphics.framework in Frameworks */,
			);
			runOnlyForDeploymentPostprocessing = 0;
		};
/* End PBXFrameworksBuildPhase section */

/* Begin PBXGroup section */
		EF08E63E170D1C4800BDA831 = {
			isa = PBXGroup;
			children = (
				EF08E650170D1C4800BDA831 /* Sprouts */,
				EF08E649170D1C4800BDA831 /* Frameworks */,
				EF08E648170D1C4800BDA831 /* Products */,
			);
			sourceTree = "<group>";
		};
		EF08E648170D1C4800BDA831 /* Products */ = {
			isa = PBXGroup;
			children = (
				EF08E647170D1C4800BDA831 /* Sprouts.app */,
			);
			name = Products;
			sourceTree = "<group>";
		};
		EF08E649170D1C4800BDA831 /* Frameworks */ = {
			isa = PBXGroup;
			children = (
				EF08E64A170D1C4800BDA831 /* UIKit.framework */,
				EF08E64C170D1C4800BDA831 /* Foundation.framework */,
				EF08E64E170D1C4800BDA831 /* CoreGraphics.framework */,
			);
			name = Frameworks;
			sourceTree = "<group>";
		};
		EF08E650170D1C4800BDA831 /* Sprouts */ = {
			isa = PBXGroup;
			children = (
				EF08E678170D1D9A00BDA831 /* Images */,
				EF08E659170D1C4800BDA831 /* sproutsAppDelegate.h */,
				EF08E65A170D1C4800BDA831 /* sproutsAppDelegate.m */,
				EF08E662170D1C4800BDA831 /* MainStoryboard.storyboard */,
				EFA64133171B8B3C0028DE41 /* ingredientInfoViewController.h */,
				EFA64134171B8B3C0028DE41 /* ingredientInfoViewController.m */,
				EFA640E817176C890028DE41 /* sproutsFeedViewController.h */,
				EFA640E917176C890028DE41 /* sproutsFeedViewController.m */,
				EF1F98471715EC570046D023 /* loginViewController.h */,
				EF1F98481715EC570046D023 /* loginViewController.m */,
				EFE05825171533530033EE3E /* scheduleViewController.h */,
				EFE05826171533530033EE3E /* scheduleViewController.m */,
				EF186F89171B9296005E1949 /* settingsViewController.h */,
				EF186F8A171B9296005E1949 /* settingsViewController.m */,
				EF08E67C170D2AB800BDA831 /* sproutsActionViewController.h */,
				EF08E67D170D2AB800BDA831 /* sproutsActionViewController.m */,
				EF08E679170D201B00BDA831 /* sproutsViewController.h */,
				EF08E67A170D201B00BDA831 /* sproutsViewController.m */,
				EF08E665170D1C4800BDA831 /* sproutsFirstViewController.h */,
				EF08E666170D1C4800BDA831 /* sproutsFirstViewController.m */,
				EF08E66C170D1C4800BDA831 /* sproutsSecondViewController.h */,
				EF08E66D170D1C4800BDA831 /* sproutsSecondViewController.m */,
				EF08E651170D1C4800BDA831 /* Supporting Files */,
			);
			path = Sprouts;
			sourceTree = "<group>";
		};
		EF08E651170D1C4800BDA831 /* Supporting Files */ = {
			isa = PBXGroup;
			children = (
				EF08E652170D1C4800BDA831 /* Sprouts-Info.plist */,
				EF08E653170D1C4800BDA831 /* InfoPlist.strings */,
				EF08E656170D1C4800BDA831 /* main.m */,
				EF08E658170D1C4800BDA831 /* Sprouts-Prefix.pch */,
				EF08E65C170D1C4800BDA831 /* Default.png */,
				EF08E65E170D1C4800BDA831 /* Default@2x.png */,
				EF08E660170D1C4800BDA831 /* Default-568h@2x.png */,
			);
			name = "Supporting Files";
			sourceTree = "<group>";
		};
		EF08E678170D1D9A00BDA831 /* Images */ = {
			isa = PBXGroup;
			children = (
				EFE05A7C17154BAA0033EE3E /* background.png */,
				EFE05A7D17154BAB0033EE3E /* background@2x.png */,
				EFA640EB1717842B0028DE41 /* banner.png */,
				EFA640EC1717842B0028DE41 /* banner@2x.png */,
				EF186FA8171BC83E005E1949 /* button_back.png */,
				EF186FA9171BC83E005E1949 /* button_back@2x.png */,
				EFE05A74171547EF0033EE3E /* feed.png */,
				EFE05A75171547EF0033EE3E /* feed@2x.png */,
				EF08E668170D1C4800BDA831 /* first.png */,
				EF08E66A170D1C4800BDA831 /* first@2x.png */,
				EF186F9C171B997E005E1949 /* ingredients_button.png */,
				EF186F9D171B997E005E1949 /* ingredients_button@2x.png */,
				EF186FA4171BA6D0005E1949 /* nav_bar.png */,
				EF186FA5171BA6D0005E1949 /* nav_bar@2x.png */,
				EF186F9E171B997E005E1949 /* photo_button.png */,
				EF186F9F171B997E005E1949 /* photo_button@2x.png */,
				EFA640F717178E190028DE41 /* post_img.png */,
				EFA640F817178E190028DE41 /* post_img@2x.png */,
				EFA640FB17178F320028DE41 /* profile.png */,
				EFA640FC17178F320028DE41 /* profile@2x.png */,
				EFA640EF171787F00028DE41 /* schedule_button.png */,
				EFA640F0171787F00028DE41 /* schedule_button@2x.png */,
				EF186F85171B8E10005E1949 /* schedule_day.png */,
				EF186F86171B8E10005E1949 /* schedule_day@2x.png */,
				EF08E66F170D1C4800BDA831 /* second.png */,
				EF08E671170D1C4800BDA831 /* second@2x.png */,
				EFE05A80171550900033EE3E /* sprout_button.png */,
				EFE05A81171550910033EE3E /* sprout_button@2x.png */,
				EF186F94171B991C005E1949 /* sprout_description.png */,
				EF186F95171B991C005E1949 /* sprout_description@2x.png */,
				EF186F96171B991C005E1949 /* sprout_title.png */,
				EF186F97171B991C005E1949 /* sprout_title@2x.png */,
			);
			name = Images;
			sourceTree = "<group>";
		};
/* End PBXGroup section */

/* Begin PBXNativeTarget section */
		EF08E646170D1C4800BDA831 /* Sprouts */ = {
			isa = PBXNativeTarget;
			buildConfigurationList = EF08E675170D1C4800BDA831 /* Build configuration list for PBXNativeTarget "Sprouts" */;
			buildPhases = (
				EF08E643170D1C4800BDA831 /* Sources */,
				EF08E644170D1C4800BDA831 /* Frameworks */,
				EF08E645170D1C4800BDA831 /* Resources */,
			);
			buildRules = (
			);
			dependencies = (
			);
			name = Sprouts;
			productName = Sprouts;
			productReference = EF08E647170D1C4800BDA831 /* Sprouts.app */;
			productType = "com.apple.product-type.application";
		};
/* End PBXNativeTarget section */

/* Begin PBXProject section */
		EF08E63F170D1C4800BDA831 /* Project object */ = {
			isa = PBXProject;
			attributes = {
				CLASSPREFIX = sprouts;
				LastUpgradeCheck = 0460;
				ORGANIZATIONNAME = "Laura Wishingrad";
			};
			buildConfigurationList = EF08E642170D1C4800BDA831 /* Build configuration list for PBXProject "Sprouts" */;
			compatibilityVersion = "Xcode 3.2";
			developmentRegion = English;
			hasScannedForEncodings = 0;
			knownRegions = (
				en,
			);
			mainGroup = EF08E63E170D1C4800BDA831;
			productRefGroup = EF08E648170D1C4800BDA831 /* Products */;
			projectDirPath = "";
			projectRoot = "";
			targets = (
				EF08E646170D1C4800BDA831 /* Sprouts */,
			);
		};
/* End PBXProject section */

/* Begin PBXResourcesBuildPhase section */
		EF08E645170D1C4800BDA831 /* Resources */ = {
			isa = PBXResourcesBuildPhase;
			buildActionMask = 2147483647;
			files = (
				EF08E655170D1C4800BDA831 /* InfoPlist.strings in Resources */,
				EF08E65D170D1C4800BDA831 /* Default.png in Resources */,
				EF08E65F170D1C4800BDA831 /* Default@2x.png in Resources */,
				EF08E661170D1C4800BDA831 /* Default-568h@2x.png in Resources */,
				EF08E664170D1C4800BDA831 /* MainStoryboard.storyboard in Resources */,
				EF08E669170D1C4800BDA831 /* first.png in Resources */,
				EF08E66B170D1C4800BDA831 /* first@2x.png in Resources */,
				EF08E670170D1C4800BDA831 /* second.png in Resources */,
				EF08E672170D1C4800BDA831 /* second@2x.png in Resources */,
				EFE05A76171547EF0033EE3E /* feed.png in Resources */,
				EFE05A77171547EF0033EE3E /* feed@2x.png in Resources */,
				EFE05A7E17154BAB0033EE3E /* background.png in Resources */,
				EFE05A7F17154BAB0033EE3E /* background@2x.png in Resources */,
				EFE05A82171550910033EE3E /* sprout_button.png in Resources */,
				EFE05A83171550910033EE3E /* sprout_button@2x.png in Resources */,
				EFA640ED1717842B0028DE41 /* banner.png in Resources */,
				EFA640EE1717842B0028DE41 /* banner@2x.png in Resources */,
				EFA640F1171787F00028DE41 /* schedule_button.png in Resources */,
				EFA640F2171787F00028DE41 /* schedule_button@2x.png in Resources */,
				EFA640F917178E190028DE41 /* post_img.png in Resources */,
				EFA640FA17178E190028DE41 /* post_img@2x.png in Resources */,
				EFA640FD17178F320028DE41 /* profile.png in Resources */,
				EFA640FE17178F320028DE41 /* profile@2x.png in Resources */,
				EF186F87171B8E10005E1949 /* schedule_day.png in Resources */,
				EF186F88171B8E10005E1949 /* schedule_day@2x.png in Resources */,
				EF186F98171B991C005E1949 /* sprout_description.png in Resources */,
				EF186F99171B991C005E1949 /* sprout_description@2x.png in Resources */,
				EF186F9A171B991C005E1949 /* sprout_title.png in Resources */,
				EF186F9B171B991C005E1949 /* sprout_title@2x.png in Resources */,
				EF186FA0171B997E005E1949 /* ingredients_button.png in Resources */,
				EF186FA1171B997E005E1949 /* ingredients_button@2x.png in Resources */,
				EF186FA2171B997E005E1949 /* photo_button.png in Resources */,
				EF186FA3171B997E005E1949 /* photo_button@2x.png in Resources */,
				EF186FA6171BA6D0005E1949 /* nav_bar.png in Resources */,
				EF186FA7171BA6D0005E1949 /* nav_bar@2x.png in Resources */,
				EF186FAA171BC83E005E1949 /* button_back.png in Resources */,
				EF186FAB171BC83E005E1949 /* button_back@2x.png in Resources */,
			);
			runOnlyForDeploymentPostprocessing = 0;
		};
/* End PBXResourcesBuildPhase section */

/* Begin PBXSourcesBuildPhase section */
		EF08E643170D1C4800BDA831 /* Sources */ = {
			isa = PBXSourcesBuildPhase;
			buildActionMask = 2147483647;
			files = (
				EF08E657170D1C4800BDA831 /* main.m in Sources */,
				EF08E65B170D1C4800BDA831 /* sproutsAppDelegate.m in Sources */,
				EF08E667170D1C4800BDA831 /* sproutsFirstViewController.m in Sources */,
				EF08E66E170D1C4800BDA831 /* sproutsSecondViewController.m in Sources */,
				EF08E67B170D201B00BDA831 /* sproutsViewController.m in Sources */,
				EF08E67E170D2AB800BDA831 /* sproutsActionViewController.m in Sources */,
				EFE05827171533530033EE3E /* scheduleViewController.m in Sources */,
				EF1F98491715EC570046D023 /* loginViewController.m in Sources */,
				EFA640EA17176C890028DE41 /* sproutsFeedViewController.m in Sources */,
				EFA64135171B8B3C0028DE41 /* ingredientInfoViewController.m in Sources */,
				EF186F8B171B9296005E1949 /* settingsViewController.m in Sources */,
			);
			runOnlyForDeploymentPostprocessing = 0;
		};
/* End PBXSourcesBuildPhase section */

/* Begin PBXVariantGroup section */
		EF08E653170D1C4800BDA831 /* InfoPlist.strings */ = {
			isa = PBXVariantGroup;
			children = (
				EF08E654170D1C4800BDA831 /* en */,
			);
			name = InfoPlist.strings;
			sourceTree = "<group>";
		};
		EF08E662170D1C4800BDA831 /* MainStoryboard.storyboard */ = {
			isa = PBXVariantGroup;
			children = (
				EF08E663170D1C4800BDA831 /* en */,
			);
			name = MainStoryboard.storyboard;
			sourceTree = "<group>";
		};
/* End PBXVariantGroup section */

/* Begin XCBuildConfiguration section */
		EF08E673170D1C4800BDA831 /* Debug */ = {
			isa = XCBuildConfiguration;
			buildSettings = {
				ALWAYS_SEARCH_USER_PATHS = NO;
				CLANG_CXX_LANGUAGE_STANDARD = "gnu++0x";
				CLANG_CXX_LIBRARY = "libc++";
				CLANG_ENABLE_OBJC_ARC = YES;
				CLANG_WARN_CONSTANT_CONVERSION = YES;
				CLANG_WARN_EMPTY_BODY = YES;
				CLANG_WARN_ENUM_CONVERSION = YES;
				CLANG_WARN_INT_CONVERSION = YES;
				CLANG_WARN__DUPLICATE_METHOD_MATCH = YES;
				"CODE_SIGN_IDENTITY[sdk=iphoneos*]" = "iPhone Developer";
				COPY_PHASE_STRIP = NO;
				GCC_C_LANGUAGE_STANDARD = gnu99;
				GCC_DYNAMIC_NO_PIC = NO;
				GCC_OPTIMIZATION_LEVEL = 0;
				GCC_PREPROCESSOR_DEFINITIONS = (
					"DEBUG=1",
					"$(inherited)",
				);
				GCC_SYMBOLS_PRIVATE_EXTERN = NO;
				GCC_WARN_ABOUT_RETURN_TYPE = YES;
				GCC_WARN_UNINITIALIZED_AUTOS = YES;
				GCC_WARN_UNUSED_VARIABLE = YES;
				IPHONEOS_DEPLOYMENT_TARGET = 6.1;
				ONLY_ACTIVE_ARCH = YES;
				SDKROOT = iphoneos;
			};
			name = Debug;
		};
		EF08E674170D1C4800BDA831 /* Release */ = {
			isa = XCBuildConfiguration;
			buildSettings = {
				ALWAYS_SEARCH_USER_PATHS = NO;
				CLANG_CXX_LANGUAGE_STANDARD = "gnu++0x";
				CLANG_CXX_LIBRARY = "libc++";
				CLANG_ENABLE_OBJC_ARC = YES;
				CLANG_WARN_CONSTANT_CONVERSION = YES;
				CLANG_WARN_EMPTY_BODY = YES;
				CLANG_WARN_ENUM_CONVERSION = YES;
				CLANG_WARN_INT_CONVERSION = YES;
				CLANG_WARN__DUPLICATE_METHOD_MATCH = YES;
				"CODE_SIGN_IDENTITY[sdk=iphoneos*]" = "iPhone Developer";
				COPY_PHASE_STRIP = YES;
				GCC_C_LANGUAGE_STANDARD = gnu99;
				GCC_WARN_ABOUT_RETURN_TYPE = YES;
				GCC_WARN_UNINITIALIZED_AUTOS = YES;
				GCC_WARN_UNUSED_VARIABLE = YES;
				IPHONEOS_DEPLOYMENT_TARGET = 6.1;
				OTHER_CFLAGS = "-DNS_BLOCK_ASSERTIONS=1";
				SDKROOT = iphoneos;
				VALIDATE_PRODUCT = YES;
			};
			name = Release;
		};
		EF08E676170D1C4800BDA831 /* Debug */ = {
			isa = XCBuildConfiguration;
			buildSettings = {
				GCC_PRECOMPILE_PREFIX_HEADER = YES;
				GCC_PREFIX_HEADER = "Sprouts/Sprouts-Prefix.pch";
				INFOPLIST_FILE = "Sprouts/Sprouts-Info.plist";
				PRODUCT_NAME = "$(TARGET_NAME)";
				WRAPPER_EXTENSION = app;
			};
			name = Debug;
		};
		EF08E677170D1C4800BDA831 /* Release */ = {
			isa = XCBuildConfiguration;
			buildSettings = {
				GCC_PRECOMPILE_PREFIX_HEADER = YES;
				GCC_PREFIX_HEADER = "Sprouts/Sprouts-Prefix.pch";
				INFOPLIST_FILE = "Sprouts/Sprouts-Info.plist";
				PRODUCT_NAME = "$(TARGET_NAME)";
				WRAPPER_EXTENSION = app;
			};
			name = Release;
		};
/* End XCBuildConfiguration section */

/* Begin XCConfigurationList section */
		EF08E642170D1C4800BDA831 /* Build configuration list for PBXProject "Sprouts" */ = {
			isa = XCConfigurationList;
			buildConfigurations = (
				EF08E673170D1C4800BDA831 /* Debug */,
				EF08E674170D1C4800BDA831 /* Release */,
			);
			defaultConfigurationIsVisible = 0;
			defaultConfigurationName = Release;
		};
		EF08E675170D1C4800BDA831 /* Build configuration list for PBXNativeTarget "Sprouts" */ = {
			isa = XCConfigurationList;
			buildConfigurations = (
				EF08E676170D1C4800BDA831 /* Debug */,
				EF08E677170D1C4800BDA831 /* Release */,
			);
			defaultConfigurationIsVisible = 0;
			defaultConfigurationName = Release;
		};
/* End XCConfigurationList section */
	};
	rootObject = EF08E63F170D1C4800BDA831 /* Project object */;
}
